
Microsoft Visual Studio Solution File, Format Version 12.00
# Visual Studio Version 17
VisualStudioVersion = 17.0.32014.148
MinimumVisualStudioVersion = 10.0.40219.1
Project("{FAE04EC0-301F-11D3-BF4B-00C04F79EFBC}") = "Pratica_2_Fila", "Pratica_2_Fila\Pratica_2_Fila.csproj", "{39024A26-B101-4B1B-8231-1A13AE1CC51D}"
EndProject
Global
	GlobalSection(SolutionConfigurationPlatforms) = preSolution
		Debug|Any CPU = Debug|Any CPU
		Release|Any CPU = Release|Any CPU
	EndGlobalSection
	GlobalSection(ProjectConfigurationPlatforms) = postSolution
		{39024A26-B101-4B1B-8231-1A13AE1CC51D}.Debug|Any CPU.ActiveCfg = Debug|Any CPU
		{39024A26-B101-4B1B-8231-1A13AE1CC51D}.Debug|Any CPU.Build.0 = Debug|Any CPU
		{39024A26-B101-4B1B-8231-1A13AE1CC51D}.Release|Any CPU.ActiveCfg = Release|Any CPU
		{39024A26-B101-4B1B-8231-1A13AE1CC51D}.Release|Any CPU.Build.0 = Release|Any CPU
	EndGlobalSection
	GlobalSection(SolutionProperties) = preSolution
		HideSolutionNode = FALSE
	EndGlobalSection
	GlobalSection(ExtensibilityGlobals) = postSolution
		SolutionGuid = {6548BAE8-10F2-4D02-8289-F9768D20E1AF}
	EndGlobalSection
EndGlobal
